
Microsoft Visual Studio Solution File, Format Version 12.00
# Visual Studio 14
VisualStudioVersion = 14.0.25420.1
MinimumVisualStudioVersion = 10.0.40219.1
Project("{F2A71F9B-5D33-465A-A702-920D77279786}") = "Midi", "Midi\Midi\Midi.fsproj", "{8BCFF535-86D5-433B-83E6-838FA6A11B62}"
EndProject
Project("{F2A71F9B-5D33-465A-A702-920D77279786}") = "Play", "Midi\Play\Play.fsproj", "{8D7F2FE9-7918-444D-B025-D2A5AF080E4D}"
EndProject
Project("{F2A71F9B-5D33-465A-A702-920D77279786}") = "Walk", "Sprite\Walk\Walk.fsproj", "{6EE3F643-3A16-4BB8-8CDB-BA1EEAF2AA0B}"
EndProject
Project("{2150E333-8FDC-42A3-9474-1A3956D46DE8}") = "Midi", "Midi", "{7654F520-0E7B-44AA-8281-EB65CD18B23C}"
EndProject
Project("{2150E333-8FDC-42A3-9474-1A3956D46DE8}") = "Sprite", "Sprite", "{6F9B8E0C-5930-4CE9-81D7-3AE691F8509F}"
EndProject
Project("{F2A71F9B-5D33-465A-A702-920D77279786}") = "Util", "Util\Util.fsproj", "{7FBFE6E3-114E-4AB0-A067-2299BF1144FC}"
EndProject
Project("{F2A71F9B-5D33-465A-A702-920D77279786}") = "Run", "Run\Run.fsproj", "{8495C38F-E610-48A5-A879-B9F07E4678C3}"
EndProject
Project("{F2A71F9B-5D33-465A-A702-920D77279786}") = "Engine", "Engine\Engine.fsproj", "{B3AD82FE-B0E5-45DC-A283-94131F5C6AC3}"
EndProject
Project("{2150E333-8FDC-42A3-9474-1A3956D46DE8}") = "World", "World", "{497992A4-9AF7-4416-BBF7-7DF4D666925F}"
EndProject
Project("{F2A71F9B-5D33-465A-A702-920D77279786}") = "Mcmc", "Midi\Mcmc\Mcmc.fsproj", "{F4D4B11D-FC0E-4803-AAC7-7325BA753A19}"
EndProject
Project("{F2A71F9B-5D33-465A-A702-920D77279786}") = "ReadMidi", "Midi\ReadMidi\ReadMidi.fsproj", "{3B850552-B4A9-4E0F-B647-884CFFB593BB}"
EndProject
Project("{F2A71F9B-5D33-465A-A702-920D77279786}") = "Walker", "Sprite\Walker\Walker.fsproj", "{2ADD0A07-9FFF-4CD1-BFDA-E1949E7B0E40}"
EndProject
Project("{F2A71F9B-5D33-465A-A702-920D77279786}") = "Geography", "World\Geography\Geography.fsproj", "{C0FE56F7-9088-4C68-9675-5883F5A4BA42}"
EndProject
Project("{F2A71F9B-5D33-465A-A702-920D77279786}") = "Map", "World\Map\Map.fsproj", "{B63642DD-5BBF-4FBB-9320-67847FA43388}"
EndProject
Project("{F2A71F9B-5D33-465A-A702-920D77279786}") = "Visualizer", "World\Visualizer\Visualizer.fsproj", "{2BCFAB4B-9C3A-4E7A-95D4-ED6D2D454640}"
EndProject
Project("{F2A71F9B-5D33-465A-A702-920D77279786}") = "Mcmc", "Sprite\Mcmc\Mcmc.fsproj", "{D554A003-909E-4E0F-BB8A-2C5068669A6F}"
EndProject
Project("{F2A71F9B-5D33-465A-A702-920D77279786}") = "Play2", "Midi\Play2\Play2.fsproj", "{0441BB9E-D914-4FB1-93B7-89DB90B1AD3A}"
EndProject
Project("{F2A71F9B-5D33-465A-A702-920D77279786}") = "Deformation", "Sprite\Deformation\Deformation.fsproj", "{ECA2882E-0756-477C-91F6-DC2E10CF66BF}"
EndProject
Project("{2150E333-8FDC-42A3-9474-1A3956D46DE8}") = "Tests", "Tests", "{003ACD7B-05D7-4945-A9B4-08BE8D41E564}"
EndProject
Project("{F2A71F9B-5D33-465A-A702-920D77279786}") = "UtilTest", "Tests\UtilTest\UtilTest.fsproj", "{6D5C247F-774B-414D-8844-686939F3B230}"
EndProject
Project("{F2A71F9B-5D33-465A-A702-920D77279786}") = "MoCap", "Sprite\MoCap\MoCap.fsproj", "{49CE12F9-B246-4D97-A692-2AAE1DD24945}"
EndProject
Project("{F2A71F9B-5D33-465A-A702-920D77279786}") = "Writer", "Midi\Writer\Writer.fsproj", "{A0C005F1-8C81-4F00-A6FD-B86859898B11}"
EndProject
Global
	GlobalSection(SolutionConfigurationPlatforms) = preSolution
		Debug|Any CPU = Debug|Any CPU
		Release|Any CPU = Release|Any CPU
	EndGlobalSection
	GlobalSection(ProjectConfigurationPlatforms) = postSolution
		{8BCFF535-86D5-433B-83E6-838FA6A11B62}.Debug|Any CPU.ActiveCfg = Debug|Any CPU
		{8BCFF535-86D5-433B-83E6-838FA6A11B62}.Debug|Any CPU.Build.0 = Debug|Any CPU
		{8BCFF535-86D5-433B-83E6-838FA6A11B62}.Release|Any CPU.ActiveCfg = Release|Any CPU
		{8BCFF535-86D5-433B-83E6-838FA6A11B62}.Release|Any CPU.Build.0 = Release|Any CPU
		{8D7F2FE9-7918-444D-B025-D2A5AF080E4D}.Debug|Any CPU.ActiveCfg = Debug|Any CPU
		{8D7F2FE9-7918-444D-B025-D2A5AF080E4D}.Debug|Any CPU.Build.0 = Debug|Any CPU
		{8D7F2FE9-7918-444D-B025-D2A5AF080E4D}.Release|Any CPU.ActiveCfg = Release|Any CPU
		{8D7F2FE9-7918-444D-B025-D2A5AF080E4D}.Release|Any CPU.Build.0 = Release|Any CPU
		{6EE3F643-3A16-4BB8-8CDB-BA1EEAF2AA0B}.Debug|Any CPU.ActiveCfg = Debug|Any CPU
		{6EE3F643-3A16-4BB8-8CDB-BA1EEAF2AA0B}.Debug|Any CPU.Build.0 = Debug|Any CPU
		{6EE3F643-3A16-4BB8-8CDB-BA1EEAF2AA0B}.Release|Any CPU.ActiveCfg = Release|Any CPU
		{6EE3F643-3A16-4BB8-8CDB-BA1EEAF2AA0B}.Release|Any CPU.Build.0 = Release|Any CPU
		{7FBFE6E3-114E-4AB0-A067-2299BF1144FC}.Debug|Any CPU.ActiveCfg = Debug|Any CPU
		{7FBFE6E3-114E-4AB0-A067-2299BF1144FC}.Debug|Any CPU.Build.0 = Debug|Any CPU
		{7FBFE6E3-114E-4AB0-A067-2299BF1144FC}.Release|Any CPU.ActiveCfg = Release|Any CPU
		{7FBFE6E3-114E-4AB0-A067-2299BF1144FC}.Release|Any CPU.Build.0 = Release|Any CPU
		{8495C38F-E610-48A5-A879-B9F07E4678C3}.Debug|Any CPU.ActiveCfg = Debug|Any CPU
		{8495C38F-E610-48A5-A879-B9F07E4678C3}.Debug|Any CPU.Build.0 = Debug|Any CPU
		{8495C38F-E610-48A5-A879-B9F07E4678C3}.Release|Any CPU.ActiveCfg = Release|Any CPU
		{8495C38F-E610-48A5-A879-B9F07E4678C3}.Release|Any CPU.Build.0 = Release|Any CPU
		{B3AD82FE-B0E5-45DC-A283-94131F5C6AC3}.Debug|Any CPU.ActiveCfg = Debug|Any CPU
		{B3AD82FE-B0E5-45DC-A283-94131F5C6AC3}.Debug|Any CPU.Build.0 = Debug|Any CPU
		{B3AD82FE-B0E5-45DC-A283-94131F5C6AC3}.Release|Any CPU.ActiveCfg = Release|Any CPU
		{B3AD82FE-B0E5-45DC-A283-94131F5C6AC3}.Release|Any CPU.Build.0 = Release|Any CPU
		{F4D4B11D-FC0E-4803-AAC7-7325BA753A19}.Debug|Any CPU.ActiveCfg = Debug|Any CPU
		{F4D4B11D-FC0E-4803-AAC7-7325BA753A19}.Debug|Any CPU.Build.0 = Debug|Any CPU
		{F4D4B11D-FC0E-4803-AAC7-7325BA753A19}.Release|Any CPU.ActiveCfg = Release|Any CPU
		{F4D4B11D-FC0E-4803-AAC7-7325BA753A19}.Release|Any CPU.Build.0 = Release|Any CPU
		{3B850552-B4A9-4E0F-B647-884CFFB593BB}.Debug|Any CPU.ActiveCfg = Debug|Any CPU
		{3B850552-B4A9-4E0F-B647-884CFFB593BB}.Debug|Any CPU.Build.0 = Debug|Any CPU
		{3B850552-B4A9-4E0F-B647-884CFFB593BB}.Release|Any CPU.ActiveCfg = Release|Any CPU
		{3B850552-B4A9-4E0F-B647-884CFFB593BB}.Release|Any CPU.Build.0 = Release|Any CPU
		{2ADD0A07-9FFF-4CD1-BFDA-E1949E7B0E40}.Debug|Any CPU.ActiveCfg = Debug|Any CPU
		{2ADD0A07-9FFF-4CD1-BFDA-E1949E7B0E40}.Debug|Any CPU.Build.0 = Debug|Any CPU
		{2ADD0A07-9FFF-4CD1-BFDA-E1949E7B0E40}.Release|Any CPU.ActiveCfg = Release|Any CPU
		{2ADD0A07-9FFF-4CD1-BFDA-E1949E7B0E40}.Release|Any CPU.Build.0 = Release|Any CPU
		{C0FE56F7-9088-4C68-9675-5883F5A4BA42}.Debug|Any CPU.ActiveCfg = Debug|Any CPU
		{C0FE56F7-9088-4C68-9675-5883F5A4BA42}.Debug|Any CPU.Build.0 = Debug|Any CPU
		{C0FE56F7-9088-4C68-9675-5883F5A4BA42}.Release|Any CPU.ActiveCfg = Release|Any CPU
		{C0FE56F7-9088-4C68-9675-5883F5A4BA42}.Release|Any CPU.Build.0 = Release|Any CPU
		{B63642DD-5BBF-4FBB-9320-67847FA43388}.Debug|Any CPU.ActiveCfg = Debug|Any CPU
		{B63642DD-5BBF-4FBB-9320-67847FA43388}.Debug|Any CPU.Build.0 = Debug|Any CPU
		{B63642DD-5BBF-4FBB-9320-67847FA43388}.Release|Any CPU.ActiveCfg = Release|Any CPU
		{B63642DD-5BBF-4FBB-9320-67847FA43388}.Release|Any CPU.Build.0 = Release|Any CPU
		{2BCFAB4B-9C3A-4E7A-95D4-ED6D2D454640}.Debug|Any CPU.ActiveCfg = Debug|Any CPU
		{2BCFAB4B-9C3A-4E7A-95D4-ED6D2D454640}.Debug|Any CPU.Build.0 = Debug|Any CPU
		{2BCFAB4B-9C3A-4E7A-95D4-ED6D2D454640}.Release|Any CPU.ActiveCfg = Release|Any CPU
		{2BCFAB4B-9C3A-4E7A-95D4-ED6D2D454640}.Release|Any CPU.Build.0 = Release|Any CPU
		{D554A003-909E-4E0F-BB8A-2C5068669A6F}.Debug|Any CPU.ActiveCfg = Debug|Any CPU
		{D554A003-909E-4E0F-BB8A-2C5068669A6F}.Debug|Any CPU.Build.0 = Debug|Any CPU
		{D554A003-909E-4E0F-BB8A-2C5068669A6F}.Release|Any CPU.ActiveCfg = Release|Any CPU
		{D554A003-909E-4E0F-BB8A-2C5068669A6F}.Release|Any CPU.Build.0 = Release|Any CPU
		{0441BB9E-D914-4FB1-93B7-89DB90B1AD3A}.Debug|Any CPU.ActiveCfg = Debug|Any CPU
		{0441BB9E-D914-4FB1-93B7-89DB90B1AD3A}.Debug|Any CPU.Build.0 = Debug|Any CPU
		{0441BB9E-D914-4FB1-93B7-89DB90B1AD3A}.Release|Any CPU.ActiveCfg = Release|Any CPU
		{0441BB9E-D914-4FB1-93B7-89DB90B1AD3A}.Release|Any CPU.Build.0 = Release|Any CPU
		{ECA2882E-0756-477C-91F6-DC2E10CF66BF}.Debug|Any CPU.ActiveCfg = Debug|Any CPU
		{ECA2882E-0756-477C-91F6-DC2E10CF66BF}.Debug|Any CPU.Build.0 = Debug|Any CPU
		{ECA2882E-0756-477C-91F6-DC2E10CF66BF}.Release|Any CPU.ActiveCfg = Release|Any CPU
		{ECA2882E-0756-477C-91F6-DC2E10CF66BF}.Release|Any CPU.Build.0 = Release|Any CPU
		{6D5C247F-774B-414D-8844-686939F3B230}.Debug|Any CPU.ActiveCfg = Debug|Any CPU
		{6D5C247F-774B-414D-8844-686939F3B230}.Debug|Any CPU.Build.0 = Debug|Any CPU
		{6D5C247F-774B-414D-8844-686939F3B230}.Release|Any CPU.ActiveCfg = Release|Any CPU
		{6D5C247F-774B-414D-8844-686939F3B230}.Release|Any CPU.Build.0 = Release|Any CPU
		{49CE12F9-B246-4D97-A692-2AAE1DD24945}.Debug|Any CPU.ActiveCfg = Debug|Any CPU
		{49CE12F9-B246-4D97-A692-2AAE1DD24945}.Debug|Any CPU.Build.0 = Debug|Any CPU
		{49CE12F9-B246-4D97-A692-2AAE1DD24945}.Release|Any CPU.ActiveCfg = Release|Any CPU
		{49CE12F9-B246-4D97-A692-2AAE1DD24945}.Release|Any CPU.Build.0 = Release|Any CPU
		{A0C005F1-8C81-4F00-A6FD-B86859898B11}.Debug|Any CPU.ActiveCfg = Debug|Any CPU
		{A0C005F1-8C81-4F00-A6FD-B86859898B11}.Debug|Any CPU.Build.0 = Debug|Any CPU
		{A0C005F1-8C81-4F00-A6FD-B86859898B11}.Release|Any CPU.ActiveCfg = Release|Any CPU
		{A0C005F1-8C81-4F00-A6FD-B86859898B11}.Release|Any CPU.Build.0 = Release|Any CPU
	EndGlobalSection
	GlobalSection(SolutionProperties) = preSolution
		HideSolutionNode = FALSE
	EndGlobalSection
	GlobalSection(NestedProjects) = preSolution
		{8BCFF535-86D5-433B-83E6-838FA6A11B62} = {7654F520-0E7B-44AA-8281-EB65CD18B23C}
		{8D7F2FE9-7918-444D-B025-D2A5AF080E4D} = {7654F520-0E7B-44AA-8281-EB65CD18B23C}
		{6EE3F643-3A16-4BB8-8CDB-BA1EEAF2AA0B} = {6F9B8E0C-5930-4CE9-81D7-3AE691F8509F}
		{F4D4B11D-FC0E-4803-AAC7-7325BA753A19} = {7654F520-0E7B-44AA-8281-EB65CD18B23C}
		{3B850552-B4A9-4E0F-B647-884CFFB593BB} = {7654F520-0E7B-44AA-8281-EB65CD18B23C}
		{2ADD0A07-9FFF-4CD1-BFDA-E1949E7B0E40} = {6F9B8E0C-5930-4CE9-81D7-3AE691F8509F}
		{C0FE56F7-9088-4C68-9675-5883F5A4BA42} = {497992A4-9AF7-4416-BBF7-7DF4D666925F}
		{B63642DD-5BBF-4FBB-9320-67847FA43388} = {497992A4-9AF7-4416-BBF7-7DF4D666925F}
		{2BCFAB4B-9C3A-4E7A-95D4-ED6D2D454640} = {497992A4-9AF7-4416-BBF7-7DF4D666925F}
		{D554A003-909E-4E0F-BB8A-2C5068669A6F} = {6F9B8E0C-5930-4CE9-81D7-3AE691F8509F}
		{0441BB9E-D914-4FB1-93B7-89DB90B1AD3A} = {7654F520-0E7B-44AA-8281-EB65CD18B23C}
		{ECA2882E-0756-477C-91F6-DC2E10CF66BF} = {6F9B8E0C-5930-4CE9-81D7-3AE691F8509F}
		{6D5C247F-774B-414D-8844-686939F3B230} = {003ACD7B-05D7-4945-A9B4-08BE8D41E564}
		{49CE12F9-B246-4D97-A692-2AAE1DD24945} = {6F9B8E0C-5930-4CE9-81D7-3AE691F8509F}
		{A0C005F1-8C81-4F00-A6FD-B86859898B11} = {7654F520-0E7B-44AA-8281-EB65CD18B23C}
	EndGlobalSection
EndGlobal
